version = 1
revision = 3
requires-python = "==3.14.*"

[[package]]
name = "blinker"
version = "1.9.0"
source = { registry = "https://pypi.org/simple" }
sdist = { url = "https://files.pythonhosted.org/packages/21/28/9b3f50ce0e048515135495f198351908d99540d69bfdc8c1d15b73dc55ce/blinker-1.9.0.tar.gz", hash = "sha256:b4ce2265a7abece45e7cc896e98dbebe6cead56bcf805a3d23136d145f5445bf", size = 22460, upload-time = "2024-11-08T17:25:47.436Z" }
wheels = [
    { url = "https://files.pythonhosted.org/packages/10/cb/f2ad4230dc2eb1a74edf38f1a38b9b52277f75bef262d8908e60d957e13c/blinker-1.9.0-py3-none-any.whl", hash = "sha256:ba0efaa9080b619ff2f3459d1d500c57bddea4a6b424b60a91141db6fd2f08bc", size = 8458, upload-time = "2024-11-08T17:25:46.184Z" },
]

[[package]]
name = "click"
version = "8.5.0"
source = { registry = "https://pypi.org/simple" }
sdist = { url = "https://files.pythonhosted.org/packages/c7/0e/7fa0ef50764b67090eca4114772a2abf8b6148198475e54c660b97caeee6/click-8.5.0.tar.gz", hash = "sha256:ba0d2089de75ea0310e2dde03160e6ca10009947fb95a182f9b54021bb272e34", size = 382235, upload-time = "2026-08-26T13:33:14.56Z" }
wheels = [
    { url = "https://files.pythonhosted.org/packages/58/50/6c0d534c5f134586a8e1ba4e330569e32f057e33372ae556463212fb4cd3/click-8.5.0-py3-none-any.whl", hash = "sha256:255bc9599cf7748b4b1a446ccc735421bd08a2ae529a8b88597d3de5664ee360", size = 125251, upload-time = "2026-08-26T13:33:12.928Z" },
]

[[package]]
name = "flask"
version = "3.1.3"
source = { registry = "https://pypi.org/simple" }
dependencies = [
    { name = "blinker" },
    { name = "click" },
    { name = "itsdangerous" },
    { name = "jinja2" },
    { name = "markupsafe" },
    { name = "werkzeug" },
]
sdist = { url = "https://files.pythonhosted.org/packages/26/00/35d85dcce6c57fdc871f3867d465d780f302a175ea360f62533f12b27e2b/flask-3.1.3.tar.gz", hash = "sha256:0ef0e52b8a9cd932855379197dd8f94047b359ca0a78695144304cb45f87c9eb", size = 759004, upload-time = "2026-02-19T05:00:57.678Z" }
wheels = [
    { url = "https://files.pythonhosted.org/packages/7f/9c/34f6962f9b9e9c71f6e5ed806e0d0ff03c9d1b0b2340088a0cf4bce09b18/flask-3.1.3-py3-none-any.whl", hash = "sha256:f4bcbefc124291925f1a26446da31a5178f9483862233b23c0c96a20701f670c", size = 103424, upload-time = "2026-02-19T05:00:56.027Z" },
]

[[package]]
name = "itsdangerous"
version = "2.2.0"
source = { registry = "https://pypi.org/simple" }
sdist = { url = "https://files.pythonhosted.org/packages/9c/cb/8ac0172223afbccb63986cc25049b154ecfb5e85932587206f42317be31d/itsdangerous-2.2.0.tar.gz", hash = "sha256:e0050c0b7da1eea53ffaf149c0cfbb5c6e2e2b69c4bef22c81fa6eb73e5f6173", size = 54410, upload-time = "2024-04-16T21:28:15.614Z" }
wheels = [
    { url = "https://files.pythonhosted.org/packages/04/96/92447566d16df59b2a776c0fb82dbc4d9e07cd95062562af01e408583fc4/itsdangerous-2.2.0-py3-none-any.whl", hash = "sha256:c6242fc49e35958c8b15141343aa660db5fc54d4f13a1db01a3f5891b98700ef", size = 16234, upload-time = "2024-04-16T21:28:14.499Z" },
]

[[package]]
name = "jinja2"
version = "3.1.6"
source = { registry = "https://pypi.org/simple" }
dependencies = [
    { name = "markupsafe" },
]
sdist = { url = "https://files.pythonhosted.org/packages/df/bf/f7da0350254c0ed7c72f3e33cef02e048281fec7ecec5f032d4aac52226b/jinja2-3.1.6.tar.gz", hash = "sha256:0137fb05990d35f1275a587e9aee6d56da821fc83491a0fb838183be43f66d6d", size = 245115, upload-time = "2025-03-05T20:05:02.478Z" }
wheels = [
    { url = "https://files.pythonhosted.org/packages/62/a1/3d680cbfd5f4b8f15abc1d571870c5fc3e594bb582bc3b64ea099db13e56/jinja2-3.1.6-py3-none-any.whl", hash = "sha256:85ece4451f492d0c13c5dd7c13a64681a86afae63a5f347908daf103ce6d2f67", size = 134899, upload-time = "2025-03-05T20:05:00.369Z" },
]

[[package]]
name = "markdown-it-py"
version = "4.2.0"
source = { registry = "https://pypi.org/simple" }
dependencies = [
    { name = "mdurl" },
]
sdist = { url = "https://files.pythonhosted.org/packages/06/ff/7841249c247aa650a76b9ee4bbaeae59370dc8bfd2f6c01f3630c35eb134/markdown_it_py-4.2.0.tar.gz", hash = "sha256:04a21681d6fbb623de53f6f364d352309d4094dd4194040a10fd51833e418d49", size = 82454, upload-time = "2026-05-07T12:08:28.36Z" }
wheels = [
    { url = "https://files.pythonhosted.org/packages/b3/81/4da04ced5a082363ecfa159c010d200ecbd959ae410c10c0264a38cac0f5/markdown_it_py-4.2.0-py3-none-any.whl", hash = "sha256:9f7ebbcd14fe59494226453aed97c1070d83f8d24b6fc3a3bcf9a38092641c4a", size = 91687, upload-time = "2026-05-07T12:08:27.182Z" },
]

[[package]]
name = "markupsafe"
version = "3.0.3"
source = { registry = "https://pypi.org/simple" }
sdist = { url = "https://files.pythonhosted.org/packages/7e/99/7690b6d4034fffd95959cbe0c02de8deb3098cc577c67bb6a24fe5d7caa7/markupsafe-3.0.3.tar.gz", hash = "sha256:722695808f4b6457b320fdc131280796bdceb04ab50fe1795cd540799ebe1698", size = 80313, upload-time = "2025-09-27T18:37:40.426Z" }
wheels = [
    { url = "https://files.pythonhosted.org/packages/33/8a/8e42d4838cd89b7dde187011e97fe6c3af66d8c044997d2183fbd6d31352/markupsafe-3.0.3-cp314-cp314-macosx_10_13_x86_64.whl", hash = "sha256:eaa9599de571d72e2daf60164784109f19978b327a3910d3e9de8c97b5b70cfe", size = 11619, upload-time = "2025-09-27T18:37:06.342Z" },
    { url = "https://files.pythonhosted.org/packages/b5/64/7660f8a4a8e53c924d0fa05dc3a55c9cee10bbd82b11c5afb27d44b096ce/markupsafe-3.0.3-cp314-cp314-macosx_11_0_arm64.whl", hash = "sha256:c47a551199eb8eb2121d4f0f15ae0f923d31350ab9280078d1e5f12b249e0026", size = 12029, upload-time = "2025-09-27T18:37:07.213Z" },
    { url = "https://files.pythonhosted.org/packages/da/ef/e648bfd021127bef5fa12e1720ffed0c6cbb8310c8d9bea7266337ff06de/markupsafe-3.0.3-cp314-cp314-manylinux2014_aarch64.manylinux_2_17_aarch64.manylinux_2_28_aarch64.whl", hash = "sha256:f34c41761022dd093b4b6896d4810782ffbabe30f2d443ff5f083e0cbbb8c737", size = 24408, upload-time = "2025-09-27T18:37:09.572Z" },
    { url = "https://files.pythonhosted.org/packages/41/3c/a36c2450754618e62008bf7435ccb0f88053e07592e6028a34776213d877/markupsafe-3.0.3-cp314-cp314-manylinux2014_x86_64.manylinux_2_17_x86_64.manylinux_2_28_x86_64.whl", hash = "sha256:457a69a9577064c05a97c41f4e65148652db078a3a509039e64d3467b9e7ef97", size = 23005, upload-time = "2025-09-27T18:37:10.58Z" },
    { url = "https://files.pythonhosted.org/packages/bc/20/b7fdf89a8456b099837cd1dc21974632a02a999ec9bf7ca3e490aacd98e7/markupsafe-3.0.3-cp314-cp314-manylinux_2_31_riscv64.manylinux_2_39_riscv64.whl", hash = "sha256:e8afc3f2ccfa24215f8cb28dcf43f0113ac3c37c2f0f0806d8c70e4228c5cf4d", size = 22048, upload-time = "2025-09-27T18:37:11.547Z" },
    { url = "https://files.pythonhosted.org/packages/9a/a7/591f592afdc734f47db08a75793a55d7fbcc6902a723ae4cfbab61010cc5/markupsafe-3.0.3-cp314-cp314-musllinux_1_2_aarch64.whl", hash = "sha256:ec15a59cf5af7be74194f7ab02d0f59a62bdcf1a537677ce67a2537c9b87fcda", size = 23821, upload-time = "2025-09-27T18:37:12.48Z" },
    { url = "https://files.pythonhosted.org/packages/7d/33/45b24e4f44195b26521bc6f1a82197118f74df348556594bd2262bda1038/markupsafe-3.0.3-cp314-cp314-musllinux_1_2_riscv64.whl", hash = "sha256:0eb9ff8191e8498cca014656ae6b8d61f39da5f95b488805da4bb029cccbfbaf", size = 21606, upload-time = "2025-09-27T18:37:13.485Z" },
    { url = "https://files.pythonhosted.org/packages/ff/0e/53dfaca23a69fbfbbf17a4b64072090e70717344c52eaaaa9c5ddff1e5f0/markupsafe-3.0.3-cp314-cp314-musllinux_1_2_x86_64.whl", hash = "sha256:2713baf880df847f2bece4230d4d094280f4e67b1e813eec43b4c0e144a34ffe", size = 23043, upload-time = "2025-09-27T18:37:14.408Z" },
    { url = "https://files.pythonhosted.org/packages/46/11/f333a06fc16236d5238bfe74daccbca41459dcd8d1fa952e8fbd5dccfb70/markupsafe-3.0.3-cp314-cp314-win32.whl", hash = "sha256:729586769a26dbceff69f7a7dbbf59ab6572b99d94576a5592625d5b411576b9", size = 14747, upload-time = "2025-09-27T18:37:15.36Z" },
    { url = "https://files.pythonhosted.org/packages/28/52/182836104b33b444e400b14f797212f720cbc9ed6ba34c800639d154e821/markupsafe-3.0.3-cp314-cp314-win_amd64.whl", hash = "sha256:bdc919ead48f234740ad807933cdf545180bfbe9342c2bb451556db2ed958581", size = 15341, upload-time = "2025-09-27T18:37:16.496Z" },
    { url = "https://files.pythonhosted.org/packages/6f/18/acf23e91bd94fd7b3031558b1f013adfa21a8e407a3fdb32745538730382/markupsafe-3.0.3-cp314-cp314-win_arm64.whl", hash = "sha256:5a7d5dc5140555cf21a6fefbdbf8723f06fcd2f63ef108f2854de715e4422cb4", size = 14073, upload-time = "2025-09-27T18:37:17.476Z" },
    { url = "https://files.pythonhosted.org/packages/3c/f0/57689aa4076e1b43b15fdfa646b04653969d50cf30c32a102762be2485da/markupsafe-3.0.3-cp314-cp314t-macosx_10_13_x86_64.whl", hash = "sha256:1353ef0c1b138e1907ae78e2f6c63ff67501122006b0f9abad68fda5f4ffc6ab", size = 11661, upload-time = "2025-09-27T18:37:18.453Z" },
    { url = "https://files.pythonhosted.org/packages/89/c3/2e67a7ca217c6912985ec766c6393b636fb0c2344443ff9d91404dc4c79f/markupsafe-3.0.3-cp314-cp314t-macosx_11_0_arm64.whl", hash = "sha256:1085e7fbddd3be5f89cc898938f42c0b3c711fdcb37d75221de2666af647c175", size = 12069, upload-time = "2025-09-27T18:37:19.332Z" },
    { url = "https://files.pythonhosted.org/packages/f0/00/be561dce4e6ca66b15276e184ce4b8aec61fe83662cce2f7d72bd3249d28/markupsafe-3.0.3-cp314-cp314t-manylinux2014_aarch64.manylinux_2_17_aarch64.manylinux_2_28_aarch64.whl", hash = "sha256:1b52b4fb9df4eb9ae465f8d0c228a00624de2334f216f178a995ccdcf82c4634", size = 25670, upload-time = "2025-09-27T18:37:20.245Z" },
    { url = "https://files.pythonhosted.org/packages/50/09/c419f6f5a92e5fadde27efd190eca90f05e1261b10dbd8cbcb39cd8ea1dc/markupsafe-3.0.3-cp314-cp314t-manylinux2014_x86_64.manylinux_2_17_x86_64.manylinux_2_28_x86_64.whl", hash = "sha256:fed51ac40f757d41b7c48425901843666a6677e3e8eb0abcff09e4ba6e664f50", size = 23598, upload-time = "2025-09-27T18:37:21.177Z" },
    { url = "https://files.pythonhosted.org/packages/22/44/a0681611106e0b2921b3033fc19bc53323e0b50bc70cffdd19f7d679bb66/markupsafe-3.0.3-cp314-cp314t-manylinux_2_31_riscv64.manylinux_2_39_riscv64.whl", hash = "sha256:f190daf01f13c72eac4efd5c430a8de82489d9cff23c364c3ea822545032993e", size = 23261, upload-time = "2025-09-27T18:37:22.167Z" },
    { url = "https://files.pythonhosted.org/packages/5f/57/1b0b3f100259dc9fffe780cfb60d4be71375510e435efec3d116b6436d43/markupsafe-3.0.3-cp314-cp314t-musllinux_1_2_aarch64.whl", hash = "sha256:e56b7d45a839a697b5eb268c82a71bd8c7f6c94d6fd50c3d577fa39a9f1409f5", size = 24835, upload-time = "2025-09-27T18:37:23.296Z" },
    { url = "https://files.pythonhosted.org/packages/26/6a/4bf6d0c97c4920f1597cc14dd720705eca0bf7c787aebc6bb4d1bead5388/markupsafe-3.0.3-cp314-cp314t-musllinux_1_2_riscv64.whl", hash = "sha256:f3e98bb3798ead92273dc0e5fd0f31ade220f59a266ffd8a4f6065e0a3ce0523", size = 22733, upload-time = "2025-09-27T18:37:24.237Z" },
    { url = "https://files.pythonhosted.org/packages/14/c7/ca723101509b518797fedc2fdf79ba57f886b4aca8a7d31857ba3ee8281f/markupsafe-3.0.3-cp314-cp314t-musllinux_1_2_x86_64.whl", hash = "sha256:5678211cb9333a6468fb8d8be0305520aa073f50d17f089b5b4b477ea6e67fdc", size = 23672, upload-time = "2025-09-27T18:37:25.271Z" },
    { url = "https://files.pythonhosted.org/packages/fb/df/5bd7a48c256faecd1d36edc13133e51397e41b73bb77e1a69deab746ebac/markupsafe-3.0.3-cp314-cp314t-win32.whl", hash = "sha256:915c04ba3851909ce68ccc2b8e2cd691618c4dc4c4232fb7982bca3f41fd8c3d", size = 14819, upload-time = "2025-09-27T18:37:26.285Z" },
    { url = "https://files.pythonhosted.org/packages/1a/8a/0402ba61a2f16038b48b39bccca271134be00c5c9f0f623208399333c448/markupsafe-3.0.3-cp314-cp314t-win_amd64.whl", hash = "sha256:4faffd047e07c38848ce017e8725090413cd80cbc23d86e55c587bf979e579c9", size = 15426, upload-time = "2025-09-27T18:37:27.316Z" },
    { url = "https://files.pythonhosted.org/packages/70/bc/6f1c2f612465f5fa89b95bead1f44dcb607670fd42891d8fdcd5d039f4f4/markupsafe-3.0.3-cp314-cp314t-win_arm64.whl", hash = "sha256:32001d6a8fc98c8cb5c947787c5d08b0a50663d139f1305bac5885d98d9b40fa", size = 14146, upload-time = "2025-09-27T18:37:28.327Z" },
]

[[package]]
name = "mdurl"
version = "0.1.2"
source = { registry = "https://pypi.org/simple" }
sdist = { url = "https://files.pythonhosted.org/packages/d6/54/cfe61301667036ec958cb99bd3efefba235e65cdeb9c84d24a8293ba1d90/mdurl-0.1.2.tar.gz", hash = "sha256:bb413d29f5eea38f31dd4754dd7377d4465116fb207585f97bf925588687c1ba", size = 8729, upload-time = "2022-08-14T12:40:10.846Z" }
wheels = [
    { url = "https://files.pythonhosted.org/packages/b3/38/89ba8ad64ae25be8de66a6d463314cf1eb366222074cfda9ee839c56a4b4/mdurl-0.1.2-py3-none-any.whl", hash = "sha256:84008a41e51615a49fc9966191ff91509e3c40b939176e643fd50a5c2196b8f8", size = 9979, upload-time = "2022-08-14T12:40:09.779Z" },
]

[[package]]
name = "pygments"
version = "2.21.0"
source = { registry = "https://pypi.org/simple" }
sdist = { url = "https://files.pythonhosted.org/packages/49/2e/ced460408999b33da6b31b0021b0f37d329e202d4169aeb164493778f25b/pygments-2.21.0.tar.gz", hash = "sha256:610ca751c9bc2492b38eb9a38a7fbc93edbbb2d7182edaf34e66ae493dee5c8c", size = 5005329, upload-time = "2026-08-17T08:02:48.824Z" }
wheels = [
    { url = "https://files.pythonhosted.org/packages/71/46/17f022dd3e953bf20a04a028a21ec746d942f8d2af30fa0f124fa0e6a684/pygments-2.21.0-py3-none-any.whl", hash = "sha256:2363c69b61c4a97c838da3b130dcd6468f4848992b21a82f2a63ec34377137d9", size = 1250147, upload-time = "2026-08-17T08:02:44.912Z" },
]

[[package]]
name = "pyjson5"
version = "2.0.1"
source = { registry = "https://pypi.org/simple" }
sdist = { url = "https://files.pythonhosted.org/packages/f1/9a/3db19560e968d6e85b2a4ddf4b949c6ebf9dd1dcfb5a9f37736f8adeb927/pyjson5-2.0.1.tar.gz", hash = "sha256:a5b0e322e847b198a50d8a1ef16d6b2b19129644dc018d76773e81ef1487ca39", size = 352242, upload-time = "2026-05-15T16:12:54.931Z" }
wheels = [
    { url = "https://files.pythonhosted.org/packages/89/41/70aa1cb1fb0a3ac4c9b8cd405c0c85ba935c53fdfae6271b8eae364b92d1/pyjson5-2.0.1-cp314-cp314-macosx_10_15_universal2.whl", hash = "sha256:573fecd7cad4e24d232053f9ebf331c80fe1b0ed6e2064f7614797a7f691e7ca", size = 303706, upload-time = "2026-05-15T16:10:35.163Z" },
    { url = "https://files.pythonhosted.org/packages/0c/d9/caf44bf3d33b9502dc4b8ed5d0c7a8af8fbe33001e82414c0407f39f18bd/pyjson5-2.0.1-cp314-cp314-macosx_10_15_x86_64.whl", hash = "sha256:a8ade508a046a5407a322c098e3b7e6033216b158a7746eb8962b7a4cdbf9248", size = 158915, upload-time = "2026-05-15T16:10:36.496Z" },
    { url = "https://files.pythonhosted.org/packages/3f/94/f2bab1ce2eac8f77e16dcd0a1ba39de20733a84b9961c3504af0dd68bceb/pyjson5-2.0.1-cp314-cp314-macosx_11_0_arm64.whl", hash = "sha256:4635e349bb1d1f1e854dc790f14be31b6cb198d6453848e8d86818104074f805", size = 154199, upload-time = "2026-05-15T16:10:37.902Z" },
    { url = "https://files.pythonhosted.org/packages/82/c4/d94573ca37486af3d6a72f2582844d7d490d8e55639e0cfba371ce91442f/pyjson5-2.0.1-cp314-cp314-manylinux1_i686.manylinux_2_28_i686.manylinux_2_5_i686.whl", hash = "sha256:3d274697f81f143abac12ce256a06b61635c30d0f8cc11eefae7182655dac9a5", size = 186060, upload-time = "2026-05-15T16:10:39.603Z" },
    { url = "https://files.pythonhosted.org/packages/03/cc/c42e697def319b286fdcb912939c044cc94bd1cfc7338b6dbb566f817f29/pyjson5-2.0.1-cp314-cp314-manylinux2014_aarch64.manylinux_2_17_aarch64.manylinux_2_28_aarch64.whl", hash = "sha256:be4e2242e55a2651fd8696cfd67ec8e04f54f4ed6c089cceea2b63763a7516d8", size = 165796, upload-time = "2026-05-15T16:10:40.967Z" },
    { url = "https://files.pythonhosted.org/packages/3f/dd/f22a5f0e619ef22b8e32520a91bd92f815d50f9ec2d67cfe5974eab9476c/pyjson5-2.0.1-cp314-cp314-manylinux2014_armv7l.manylinux_2_17_armv7l.manylinux_2_31_armv7l.whl", hash = "sha256:af855c680feaa39cae4a44914ee2863eeae1549f37ce58069c747b3d4803999a", size = 165262, upload-time = "2026-05-15T16:10:42.391Z" },
    { url = "https://files.pythonhosted.org/packages/99/8b/90e22ecb12d51ccdc68325b6b051002e6103cc4600a335d9ed13828acdd9/pyjson5-2.0.1-cp314-cp314-manylinux2014_ppc64le.manylinux_2_17_ppc64le.manylinux_2_28_ppc64le.whl", hash = "sha256:bb769d90516da904e6cf0ba58f3d5830f4a5804486b5e85c5ca42ba3146d187a", size = 181608, upload-time = "2026-05-15T16:10:43.914Z" },
    { url = "https://files.pythonhosted.org/packages/e0/ab/237f9036eed73e08cf8861466d3d1182ef1c88506bd29955740dcadb24ff/pyjson5-2.0.1-cp314-cp314-manylinux2014_s390x.manylinux_2_17_s390x.manylinux_2_28_s390x.whl", hash = "sha256:6484c14e07aa46abeb3cb2ff0204a765260763ad7cf3f87f601f26b20ed607f3", size = 189582, upload-time = "2026-05-15T16:10:45.367Z" },
    { url = "https://files.pythonhosted.org/packages/c4/3d/3df8d5f003910a9291e5f04fa178f626e3c8553a5986dc62589ca74195ff/pyjson5-2.0.1-cp314-cp314-manylinux2014_x86_64.manylinux_2_17_x86_64.manylinux_2_28_x86_64.whl", hash = "sha256:cc03673adb544324500d79b2acfe2ced038998b2aceb564d335de9cc238cbdb0", size = 176321, upload-time = "2026-05-15T16:10:47.134Z" },
    { url = "https://files.pythonhosted.org/packages/c0/d9/a458a54f780bafec1b44ee3c27cb3007a83fb7bd4f1c17ac6bf519fd6151/pyjson5-2.0.1-cp314-cp314-manylinux_2_31_riscv64.manylinux_2_39_riscv64.whl", hash = "sha256:5d714daf784bec2e14fc06c0c26e4a373a6157eaeddaed2d5a7b7b6ae2aabc33", size = 171956, upload-time = "2026-05-15T16:10:49.174Z" },
    { url = "https://files.pythonhosted.org/packages/78/d8/1010e0147c8862dc0881cf3656364d3d87a5e336d290fe4cb0b92223e14c/pyjson5-2.0.1-cp314-cp314-musllinux_1_2_aarch64.whl", hash = "sha256:5cf3ded356730e08b5941a16db6525efc0de26f35468ab09ad573056c4efc6e5", size = 1147679, upload-time = "2026-05-15T16:10:51.005Z" },
    { url = "https://files.pythonhosted.org/packages/19/2f/91c8d8cdb4a2e4bbe8f14b9b57d717988e14830f2ed4a4f08d503cb5edde/pyjson5-2.0.1-cp314-cp314-musllinux_1_2_armv7l.whl", hash = "sha256:cc00d4669fb4170c28b2c9ed3cd1c2af9f21727c55d6866030cc154f31f68747", size = 1008216, upload-time = "2026-05-15T16:10:53.252Z" },
    { url = "https://files.pythonhosted.org/packages/d7/d7/25c3f8693660a35be7bb4eb71b0d10d9a6981e986723a4881d607f0c6462/pyjson5-2.0.1-cp314-cp314-musllinux_1_2_i686.whl", hash = "sha256:a77a91c2e019476345c03cde105da44100daaabc3fa56f82f2bd9eb2ebbcb698", size = 1323856, upload-time = "2026-05-15T16:10:55.517Z" },
    { url = "https://files.pythonhosted.org/packages/c8/25/82f0f83556ff68ec0ca1129ba9afeb14149cd421dc74823cdf10c209c95c/pyjson5-2.0.1-cp314-cp314-musllinux_1_2_ppc64le.whl", hash = "sha256:9ae54e5d717982cb7a082c700ab1f7f965c6aedea6fcb003ec4bdeac4f02bf52", size = 1241860, upload-time = "2026-05-15T16:10:57.635Z" },
    { url = "https://files.pythonhosted.org/packages/c1/01/2c4695fc06a0f3f29041a875d3bb24f904c9ae7b3d8dbfa1f8db17ce995c/pyjson5-2.0.1-cp314-cp314-musllinux_1_2_riscv64.whl", hash = "sha256:ce4f5b67b3a6fab623a31d83416b51a5b2c97cb172194f214078484bbb4783a6", size = 1178443, upload-time = "2026-05-15T16:10:59.398Z" },
    { url = "https://files.pythonhosted.org/packages/9a/ae/c10f534037b096aca21b90017ac9d41f791572dc3ec31fcd92db8ddcd256/pyjson5-2.0.1-cp314-cp314-musllinux_1_2_s390x.whl", hash = "sha256:f8d2e61f7bed0b40cfe5f62375581bf56d7b5b9707c9d74747b5931149d7d376", size = 1357739, upload-time = "2026-05-15T16:11:01.189Z" },
    { url = "https://files.pythonhosted.org/packages/0c/f0/655224f78ede087aa6a295c4745423e0104dd31f67928675b1a4cea72a0a/pyjson5-2.0.1-cp314-cp314-musllinux_1_2_x86_64.whl", hash = "sha256:2930140edd1a64eb42689993c5ae317bca2e6bc785b5dc5053bd5e9d184c98ad", size = 1209542, upload-time = "2026-05-15T16:11:03.364Z" },
    { url = "https://files.pythonhosted.org/packages/73/52/a7b2a26625136fcd0f92e17beaaae51e04923cc2e28502db354d4de061b4/pyjson5-2.0.1-cp314-cp314-win32.whl", hash = "sha256:51733f91dda897239ca10928f363ce6f4b5eadaf797e74477f6c1c3222c185a7", size = 118342, upload-time = "2026-05-15T16:11:40.009Z" },
    { url = "https://files.pythonhosted.org/packages/3a/8e/79db426fff3a41610076989d4060cc18a6508ebd3c7877155f6709eea102/pyjson5-2.0.1-cp314-cp314-win_amd64.whl", hash = "sha256:698c73aacff49ea35bbbf7f700a97785626201ea7aa2e1f1e0a4fe23788c3be2", size = 138408, upload-time = "2026-05-15T16:11:41.757Z" },
    { url = "https://files.pythonhosted.org/packages/c7/1b/385da14c05412bca15e86551dde91959686c8bddf7e78722bdc627fa6815/pyjson5-2.0.1-cp314-cp314-win_arm64.whl", hash = "sha256:d447e2e5756f89abfd0ad82d1438075bcbc701c1cc9279b43d24825aaac67356", size = 120905, upload-time = "2026-05-15T16:11:43.146Z" },
    { url = "https://files.pythonhosted.org/packages/dd/04/cd69739556d304d3ea48064ea7d47e5ff7321b0032d7ad78864bceaa0cae/pyjson5-2.0.1-cp314-cp314t-macosx_10_15_universal2.whl", hash = "sha256:5603be4f0cb9685d7c2cbd408ddec21b33f415252bee00ac7969f20b5789a1d1", size = 321150, upload-time = "2026-05-15T16:11:05.07Z" },
    { url = "https://files.pythonhosted.org/packages/84/d4/6d98268ed07a2cac1e79634fcd3dc280d2503ade5f3c465f7aa095951444/pyjson5-2.0.1-cp314-cp314t-macosx_10_15_x86_64.whl", hash = "sha256:87267520a256b3f2dba7f2995b745e8b3f2dd72bbf8436010a5191f7809f8ab6", size = 167540, upload-time = "2026-05-15T16:11:06.822Z" },
    { url = "https://files.pythonhosted.org/packages/c8/c6/8855a9462bdbc8306cba62793e23cc2952dfcbcbcab8e0413f570c891361/pyjson5-2.0.1-cp314-cp314t-macosx_11_0_arm64.whl", hash = "sha256:77e58307b74019d90aff9f2781bcffbbea3315b15fc814f8fa9b8d334b956ff4", size = 162533, upload-time = "2026-05-15T16:11:08.218Z" },
    { url = "https://files.pythonhosted.org/packages/a6/a3/1092f68538ee71ed8027393ab5e71aa9c4a114e493e30a55e46e34c2ffb9/pyjson5-2.0.1-cp314-cp314t-manylinux1_i686.manylinux_2_28_i686.manylinux_2_5_i686.whl", hash = "sha256:dd1712038837342dea73ed526883e53c6e85a158242b6f574b9ad9cdd3199c7f", size = 184165, upload-time = "2026-05-15T16:11:09.639Z" },
    { url = "https://files.pythonhosted.org/packages/46/63/bb9f42a4047284ea59064c134c88dfac3b7f5273e40fe548d6a086cea452/pyjson5-2.0.1-cp314-cp314t-manylinux2014_aarch64.manylinux_2_17_aarch64.manylinux_2_28_aarch64.whl", hash = "sha256:1dba36677c77aed5d680827c65478933705ca156a34838f1250ea191ffc27662", size = 170075, upload-time = "2026-05-15T16:11:11.105Z" },
    { url = "https://files.pythonhosted.org/packages/55/2a/0379aa5184e986d0f9af2919712c148d81928ce7d2d7950407e271b1df3b/pyjson5-2.0.1-cp314-cp314t-manylinux2014_armv7l.manylinux_2_17_armv7l.manylinux_2_31_armv7l.whl", hash = "sha256:04356d0c09e58907f60675d33859f269473479b90add5026231ef2fadba5207e", size = 164100, upload-time = "2026-05-15T16:11:12.909Z" },
    { url = "https://files.pythonhosted.org/packages/15/d5/2087af69695c28c7fe796afc73dec7f0b0b9bc123ec329e45928d58d4705/pyjson5-2.0.1-cp314-cp314t-manylinux2014_ppc64le.manylinux_2_17_ppc64le.manylinux_2_28_ppc64le.whl", hash = "sha256:b331a0fbe2ae26f4ccb88045ebaecc00aeeeab23ff858f9a2223cedd969ec6d6", size = 184674, upload-time = "2026-05-15T16:11:14.448Z" },
    { url = "https://files.pythonhosted.org/packages/2a/06/cf1b2744e07f1689cb0ac663e162a060b81cd358474754fe9f3bf02d5398/pyjson5-2.0.1-cp314-cp314t-manylinux2014_s390x.manylinux_2_17_s390x.manylinux_2_28_s390x.whl", hash = "sha256:5ca55878d923ba5764254ad1c020c22b33e6161b3555d1f457b8060f2b3c6c17", size = 193047, upload-time = "2026-05-15T16:11:15.969Z" },
    { url = "https://files.pythonhosted.org/packages/54/e6/a6b0deb6a3f393907c6d9115a7ac8e27557109204b56b05d3b57c51fc2ca/pyjson5-2.0.1-cp314-cp314t-manylinux2014_x86_64.manylinux_2_17_x86_64.manylinux_2_28_x86_64.whl", hash = "sha256:35e18d11e4c2034b78a664affe18c153a8efbf8872cf6bed7f12dc4fb819d440", size = 178712, upload-time = "2026-05-15T16:11:17.364Z" },
    { url = "https://files.pythonhosted.org/packages/6e/48/9e5c16daba56dfdb481baab85d1197e14ae3f403902fc23cdca14d14351b/pyjson5-2.0.1-cp314-cp314t-manylinux_2_31_riscv64.manylinux_2_39_riscv64.whl", hash = "sha256:b710a7489b6e134890eaa1fdb285e9644a1e730c1cfcf1cd90a87859b87a84a9", size = 175642, upload-time = "2026-05-15T16:11:18.781Z" },
    { url = "https://files.pythonhosted.org/packages/c3/32/f07d4dbd8cf733f9e3f3e9c9abedfbc23da1e5cfa7fed46aebae07ca6f25/pyjson5-2.0.1-cp314-cp314t-musllinux_1_2_aarch64.whl", hash = "sha256:08920c0dd6aba3fb6bc6c849e6f05731c5fb2716cd651de424ff60cdd12eae65", size = 1152219, upload-time = "2026-05-15T16:11:20.54Z" },
    { url = "https://files.pythonhosted.org/packages/01/9d/0ddbb89d381bc27f3740850d5d664c1f6f76620ad879ff5eb2506a4dfd6c/pyjson5-2.0.1-cp314-cp314t-musllinux_1_2_armv7l.whl", hash = "sha256:e166dadb3275025cff5ee8602131372a3ea171c6727b3fc6e44697348e3972c5", size = 1013305, upload-time = "2026-05-15T16:11:22.702Z" },
    { url = "https://files.pythonhosted.org/packages/bb/93/0f44886391dd2249ad9cf98c2deb3f26d1a115dd5a215629af7455765968/pyjson5-2.0.1-cp314-cp314t-musllinux_1_2_i686.whl", hash = "sha256:ea3c2b4e7b8e209e7f59bd6a925d79b69cd0a4ffa12f2df0c6af55514c8b2227", size = 1322840, upload-time = "2026-05-15T16:11:24.918Z" },
    { url = "https://files.pythonhosted.org/packages/d4/29/c478dc24dfcfc07e407ff8669df265ecc51fed5e7d47e51a01f17fd1c53f/pyjson5-2.0.1-cp314-cp314t-musllinux_1_2_ppc64le.whl", hash = "sha256:b710fc8ce00c984c8865131f05a8536163e1d3caffb9d081647879eca7424670", size = 1245221, upload-time = "2026-05-15T16:11:26.873Z" },
    { url = "https://files.pythonhosted.org/packages/e2/f0/5fef8c47c5b7052da79af6425a021040402a9a09b37c5687d91f98696a27/pyjson5-2.0.1-cp314-cp314t-musllinux_1_2_riscv64.whl", hash = "sha256:a9784d79275d1b06d95f2920c3f260ce5d3f6671f65a1fae1464f83fbfc834a0", size = 1182991, upload-time = "2026-05-15T16:11:29.258Z" },
    { url = "https://files.pythonhosted.org/packages/90/33/4d3a9d3159cdff1f1886d39f1991e6c8d5927f9b606cfc9743b5bef98c2a/pyjson5-2.0.1-cp314-cp314t-musllinux_1_2_s390x.whl", hash = "sha256:0ef86c53d0e14991b5b0fe58f225e3d8faec437aa0a70da4762525b6bc2fca10", size = 1359104, upload-time = "2026-05-15T16:11:31.651Z" },
    { url = "https://files.pythonhosted.org/packages/0f/04/20eb16c52453aea0af68a697f4058378c9ff871bd2f0bea28eb76ffe12f8/pyjson5-2.0.1-cp314-cp314t-musllinux_1_2_x86_64.whl", hash = "sha256:1d9faccf5a9e86f14104eec31c13428ef8baeb867182ce107e0c68fcc5c62477", size = 1212847, upload-time = "2026-05-15T16:11:33.767Z" },
    { url = "https://files.pythonhosted.org/packages/b9/a3/69bbe93275eafb7802a5b29230cc5c28f9b924c68d15b3ab2d43cfe19825/pyjson5-2.0.1-cp314-cp314t-win32.whl", hash = "sha256:2df497af7ab03cf82d9278a4707a83d0ae4e6d727f919a883b5ccec3f7d92650", size = 139137, upload-time = "2026-05-15T16:11:35.487Z" },
    { url = "https://files.pythonhosted.org/packages/48/45/b865ca6e0ae6887bc2b6b17cd123470ae43ac0fa04a2362d77d4b9f5bd43/pyjson5-2.0.1-cp314-cp314t-win_amd64.whl", hash = "sha256:3b31cf4f4a4f01800812865af3b02f6700cefb9377e4d9a9c6b78fdcf41fd973", size = 169412, upload-time = "2026-05-15T16:11:36.887Z" },
    { url = "https://files.pythonhosted.org/packages/68/55/02c734459fef0a955ab3e7e745df415d5f9fc873a4c288765f60f22fbc13/pyjson5-2.0.1-cp314-cp314t-win_arm64.whl", hash = "sha256:15f0d8baea89d35c6c01c60b944c778a79cac10f77f71b727f1b244e2c7a8ccb", size = 129061, upload-time = "2026-05-15T16:11:38.712Z" },
]

[[package]]
name = "pyodide-cli"
version = "0.5.0"
source = { registry = "https://pypi.org/simple" }
dependencies = [
    { name = "click" },
    { name = "rich" },
]
sdist = { url = "https://files.pythonhosted.org/packages/f1/44/fe74049e3e776bd56fae8bd9370900d6d6dc5e541299ae90cb2330a9a8a4/pyodide_cli-0.5.0.tar.gz", hash = "sha256:14df0797e791558b6976d4612f9df9619334f8914bfe3efbdd22e3886f5275b7", size = 12630, upload-time = "2026-01-28T03:29:06.623Z" }
wheels = [
    { url = "https://files.pythonhosted.org/packages/4a/07/76977bbd73c686df55fbc3685c6c336158dc11b2ba155abe3e3a802447b2/pyodide_cli-0.5.0-py3-none-any.whl", hash = "sha256:24c02736f1d6c99396f5e9330fd30bd98db88cf49ef059b62b025fa1f5f6e29c", size = 12684, upload-time = "2026-01-28T03:29:05.527Z" },
]

[[package]]
name = "pyodide-py"
version = "0.29.5"
source = { registry = "https://pypi.org/simple" }
sdist = { url = "https://files.pythonhosted.org/packages/1d/85/d89ea2de12b8da5e82d5d8c2c8a03f2aebd0830416d22d654b5cfe05c6d9/pyodide_py-0.29.5.tar.gz", hash = "sha256:a38d410aec95e2e2b3d59bdd93176b207db32952953bc3e9df81406a5ee3facd", size = 58799, upload-time = "2026-09-15T22:04:04.018Z" }
wheels = [
    { url = "https://files.pythonhosted.org/packages/82/b3/137eb4fcd365e1442e38e3470572cac2ec9eeadbf7a4c9c25bd791f6c757/pyodide_py-0.29.5-py3-none-any.whl", hash = "sha256:9d6d62c5167df01b1d8a94c762197f1fd89a5771fd78bbd07393c812d979352b", size = 66017, upload-time = "2026-09-15T22:04:02.68Z" },
]

[[package]]
name = "rakushifu-viewer"
version = "0.1.0"
source = { virtual = "." }
dependencies = [
    { name = "flask" },
]

[package.dev-dependencies]
dev = [
    { name = "workers-py" },
    { name = "workers-runtime-sdk" },
]

[package.metadata]
requires-dist = [{ name = "flask", specifier = ">=3.1,<4" }]

[package.metadata.requires-dev]
dev = [
    { name = "workers-py" },
    { name = "workers-runtime-sdk" },
]

[[package]]
name = "rich"
version = "15.0.0"
source = { registry = "https://pypi.org/simple" }
dependencies = [
    { name = "markdown-it-py" },
    { name = "pygments" },
]
sdist = { url = "https://files.pythonhosted.org/packages/c0/8f/0722ca900cc807c13a6a0c696dacf35430f72e0ec571c4275d2371fca3e9/rich-15.0.0.tar.gz", hash = "sha256:edd07a4824c6b40189fb7ac9bc4c52536e9780fbbfbddf6f1e2502c31b068c36", size = 230680, upload-time = "2026-04-12T08:24:00.75Z" }
wheels = [
    { url = "https://files.pythonhosted.org/packages/82/3b/64d4899d73f91ba49a8c18a8ff3f0ea8f1c1d75481760df8c68ef5235bf5/rich-15.0.0-py3-none-any.whl", hash = "sha256:33bd4ef74232fb73fe9279a257718407f169c09b78a87ad3d296f548e27de0bb", size = 310654, upload-time = "2026-04-12T08:24:02.83Z" },
]

[[package]]
name = "werkzeug"
version = "3.1.9"
source = { registry = "https://pypi.org/simple" }
dependencies = [
    { name = "markupsafe" },
]
sdist = { url = "https://files.pythonhosted.org/packages/a4/34/4dd12fc8bb7d61c91467ec3efe415ffa7d5456f799954b40c5bbaeae470e/werkzeug-3.1.9.tar.gz", hash = "sha256:55ca7c70a75689be937aa27f8ff4b018f06ff4838fc73045560bf0f5a1291060", size = 940188, upload-time = "2026-09-27T18:33:41.637Z" }
wheels = [
    { url = "https://files.pythonhosted.org/packages/a1/38/df03f564f43cec2684823f3cccae1a652ee7face1cbaa76fb223096e64d7/werkzeug-3.1.9-py3-none-any.whl", hash = "sha256:6392e50c78460ba618e5b21f08a71f59c99ce99cdc6cf6e3dd7e6ccca8754fab", size = 228700, upload-time = "2026-09-27T18:33:39.685Z" },
]

[[package]]
name = "workers-py"
version = "1.17.5"
source = { registry = "https://pypi.org/simple" }
dependencies = [
    { name = "click" },
    { name = "pyjson5" },
    { name = "pyodide-cli" },
    { name = "pyodide-py" },
    { name = "rich" },
    { name = "workers-runtime-sdk" },
]
sdist = { url = "https://files.pythonhosted.org/packages/0d/60/47417e59d560ff2ec43a7686124af8735bca3476cb026b03cfd7370d5aa1/workers_py-1.17.5.tar.gz", hash = "sha256:f0c3b76e4f1ba3501f1c446c5e551a5c71f8c6cd42d5976bec842957d6ccfcfb", size = 71839, upload-time = "2026-09-29T15:26:01.482Z" }
wheels = [
    { url = "https://files.pythonhosted.org/packages/0a/73/9744b9941286d8ce897bc2da095272111e4c3e71be143d2e7a8f99c46a74/workers_py-1.17.5-py3-none-any.whl", hash = "sha256:d3208db1168e87cf63a6a3f5786aa3fb9ac46f1fb08a595baa6c63650f4db337", size = 17376, upload-time = "2026-09-29T15:26:00.157Z" },
]

[[package]]
name = "workers-runtime-sdk"
version = "1.9.1"
source = { registry = "https://pypi.org/simple" }
sdist = { url = "https://files.pythonhosted.org/packages/cf/b8/95f418ba4104e1664d84bb2332a3490a7ce66bd24a3ee6a7b0ccded76642/workers_runtime_sdk-1.9.1.tar.gz", hash = "sha256:f814425ec7ea93ac325d20f24808f59999ddd7d53cd5086ffe074d38cfa27a15", size = 140660, upload-time = "2026-09-29T03:30:20.278Z" }
wheels = [
    { url = "https://files.pythonhosted.org/packages/e7/a9/b2d288c73728ccd9f50b8f0020c2fdd0b2f3f0d0d8efde56f2b2e64529d5/workers_runtime_sdk-1.9.1-py3-none-any.whl", hash = "sha256:1cb71387b2d67ac59ab84ab4d3151dea2205fb5ce22a08d0a0dda5cda34b5f2b", size = 38588, upload-time = "2026-09-29T03:30:18.756Z" },
]
